{
    "_meta": {
        "hash": {
            "sha256": "a76f4252f456df9342a9b8bc4d9d37ee5d6b3e1b2fc34caa7481b25d390a09c1"
        },
        "pipfile-spec": 6,
        "requires": {
            "python_version": "3.11"
        },
        "sources": [
            {
                "name": "pypi",
                "url": "https://pypi.org/simple",
                "verify_ssl": true
            }
        ]
    },
    "default": {
        "altgraph": {
            "hashes": [
                "sha256:1b5afbb98f6c4dcadb2e2ae6ab9fa994bbb8c1d75f4fa96d340f9437ae454406",
                "sha256:642743b4750de17e655e6711601b077bc6598dbfa3ba5fa2b2a35ce12b508dff"
            ],
            "version": "==0.17.4"
        },
        "numpy": {
            "hashes": [
                "sha256:016d0f6f5e77b0f0d45d77387ffa4bb89816b57c835580c3ce8e099ef830befe",
                "sha256:02135ade8b8a84011cbb67dc44e07c58f28575cf9ecf8ab304e51c05528c19f0",
                "sha256:08788d27a5fd867a663f6fc753fd7c3ad7e92747efc73c53bca2f19f8bc06f48",
                "sha256:0d30c543f02e84e92c4b1f415b7c6b5326cbe45ee7882b6b77db7195fb971e3a",
                "sha256:0fa14563cc46422e99daef53d725d0c326e99e468a9320a240affffe87852564",
                "sha256:13138eadd4f4da03074851a698ffa7e405f41a0845a6b1ad135b81596e4e9958",
                "sha256:14e253bd43fc6b37af4921b10f6add6925878a42a0c5fe83daee390bca80bc17",
                "sha256:15cb89f39fa6d0bdfb600ea24b250e5f1a3df23f901f51c8debaa6a5d122b2f0",
                "sha256:17ee83a1f4fef3c94d16dc1802b998668b5419362c8a4f4e8a491de1b41cc3ee",
                "sha256:2312b2aa89e1f43ecea6da6ea9a810d06aae08321609d8dc0d0eda6d946a541b",
                "sha256:2564fbdf2b99b3f815f2107c1bbc93e2de8ee655a69c261363a1172a79a257d4",
                "sha256:3522b0dfe983a575e6a9ab3a4a4dfe156c3e428468ff08ce582b9bb6bd1d71d4",
                "sha256:4394bc0dbd074b7f9b52024832d16e019decebf86caf909d94f6b3f77a8ee3b6",
                "sha256:45966d859916ad02b779706bb43b954281db43e185015df6eb3323120188f9e4",
                "sha256:4d1167c53b93f1f5d8a139a742b3c6f4d429b54e74e6b57d0eff40045187b15d",
                "sha256:4f2015dfe437dfebbfce7c85c7b53d81ba49e71ba7eadbf1df40c915af75979f",
                "sha256:50ca6aba6e163363f132b5c101ba078b8cbd3fa92c7865fd7d4d62d9779ac29f",
                "sha256:50d18c4358a0a8a53f12a8ba9d772ab2d460321e6a93d6064fc22443d189853f",
                "sha256:5641516794ca9e5f8a4d17bb45446998c6554704d888f86df9b200e66bdcce56",
                "sha256:576a1c1d25e9e02ed7fa5477f30a127fe56debd53b8d2c89d5578f9857d03ca9",
                "sha256:6a4825252fcc430a182ac4dee5a505053d262c807f8a924603d411f6718b88fd",
                "sha256:72dcc4a35a8515d83e76b58fdf8113a5c969ccd505c8a946759b24e3182d1f23",
                "sha256:747641635d3d44bcb380d950679462fae44f54b131be347d5ec2bce47d3df9ed",
                "sha256:762479be47a4863e261a840e8e01608d124ee1361e48b96916f38b119cfda04a",
                "sha256:78574ac2d1a4a02421f25da9559850d59457bac82f2b8d7a44fe83a64f770098",
                "sha256:825656d0743699c529c5943554d223c021ff0494ff1442152ce887ef4f7561a1",
                "sha256:8637dcd2caa676e475503d1f8fdb327bc495554e10838019651b76d17b98e512",
                "sha256:96fe52fcdb9345b7cd82ecd34547fca4321f7656d500eca497eb7ea5a926692f",
                "sha256:973faafebaae4c0aaa1a1ca1ce02434554d67e628b8d805e61f874b84e136b09",
                "sha256:996bb9399059c5b82f76b53ff8bb686069c05acc94656bb259b1d63d04a9506f",
                "sha256:a38c19106902bb19351b83802531fea19dee18e5b37b36454f27f11ff956f7fc",
                "sha256:a6b46587b14b888e95e4a24d7b13ae91fa22386c199ee7b418f449032b2fa3b8",
                "sha256:a9f7f672a3388133335589cfca93ed468509cb7b93ba3105fce780d04a6576a0",
                "sha256:aa08e04e08aaf974d4458def539dece0d28146d866a39da5639596f4921fd761",
                "sha256:b0df3635b9c8ef48bd3be5f862cf71b0a4716fa0e702155c45067c6b711ddcef",
                "sha256:b47fbb433d3260adcd51eb54f92a2ffbc90a4595f8970ee00e064c644ac788f5",
                "sha256:baed7e8d7481bfe0874b566850cb0b85243e982388b7b23348c6db2ee2b2ae8e",
                "sha256:bc6f24b3d1ecc1eebfbf5d6051faa49af40b03be1aaa781ebdadcbc090b4539b",
                "sha256:c006b607a865b07cd981ccb218a04fc86b600411d83d6fc261357f1c0966755d",
                "sha256:c181ba05ce8299c7aa3125c27b9c2167bca4a4445b7ce73d5febc411ca692e43",
                "sha256:c7662f0e3673fe4e832fe07b65c50342ea27d989f92c80355658c7f888fcc83c",
                "sha256:c80e4a09b3d95b4e1cac08643f1152fa71a0a821a2d4277334c88d54b2219a41",
                "sha256:c894b4305373b9c5576d7a12b473702afdf48ce5369c074ba304cc5ad8730dff",
                "sha256:d7aac50327da5d208db2eec22eb11e491e3fe13d22653dce51b0f4109101b408",
                "sha256:d89dd2b6da69c4fff5e39c28a382199ddedc3a5be5390115608345dec660b9e2",
                "sha256:d9beb777a78c331580705326d2367488d5bc473b49a9bc3036c154832520aca9",
                "sha256:dc258a761a16daa791081d026f0ed4399b582712e6fc887a95af09df10c5ca57",
                "sha256:e14e26956e6f1696070788252dcdff11b4aca4c3e8bd166e0df1bb8f315a67cb",
                "sha256:e6988e90fcf617da2b5c78902fe8e668361b43b4fe26dbf2d7b0f8034d4cafb9",
                "sha256:e711e02f49e176a01d0349d82cb5f05ba4db7d5e7e0defd026328e5cfb3226d3",
                "sha256:ea4dedd6e394a9c180b33c2c872b92f7ce0f8e7ad93e9585312b0c5a04777a4a",
                "sha256:ecc76a9ba2911d8d37ac01de72834d8849e55473457558e12995f4cd53e778e0",
                "sha256:f55ba01150f52b1027829b50d70ef1dafd9821ea82905b63936668403c3b471e",
                "sha256:f653490b33e9c3a4c1c01d41bc2aef08f9475af51146e4a7710c450cf9761598",
                "sha256:fa2d1337dc61c8dc417fbccf20f6d1e139896a30721b7f1e832b2bb6ef4eb6c4"
            ],
            "index": "pypi",
            "markers": "python_version >= '3.10'",
            "version": "==2.1.3"
        },
        "opencv-python": {
            "hashes": [
                "sha256:09a332b50488e2dda866a6c5573ee192fe3583239fb26ff2f7f9ceb0bc119ea6",
                "sha256:2db02bb7e50b703f0a2d50c50ced72e95c574e1e5a0bb35a8a86d0b35c98c236",
                "sha256:32dbbd94c26f611dc5cc6979e6b7aa1f55a64d6b463cc1dcd3c95505a63e48fe",
                "sha256:71e575744f1d23f79741450254660442785f45a0797212852ee5199ef12eed98",
                "sha256:72d234e4582e9658ffea8e9cae5b63d488ad06994ef12d81dc303b17472f3526",
                "sha256:9ace140fc6d647fbe1c692bcb2abce768973491222c067c131d80957c595b71f",
                "sha256:fc182f8f4cda51b45f01c64e4cbedfc2f00aff799debebc305d8d0210c43f251"
            ],
            "index": "pypi",
            "markers": "python_version >= '3.6'",
            "version": "==4.10.0.84"
        },
        "openexr": {
            "hashes": [
                "sha256:00b50b9422dbe4339fafdaec4ac88a98cf1460e8672d90f147a648f336a3cc68",
                "sha256:06baeb0195bb5ab1a1e351219c1ab30b29c23d41b3c22730748a74ef564246de",
                "sha256:150e1b8f817ce351087c041e8d19f18ab7e799a8dbe099faa5b611ce6688f246",
                "sha256:19db2707580809a60aca58cc8114ed7a61c72fbb7e39933dcb408dc70eac687e",
                "sha256:1b2c82bdc2d45516162d830294cfee00892fc9640b7723b74ceb001117ba2ac1",
                "sha256:20188809d8e997582a4ad8ed9a35b638e8fed667e2464fd93a05d79f44c322d2",
                "sha256:216b92e0a8bc942660ac20eaebfce535bd2990a5bbc8cc51312c5a9de668e417",
                "sha256:24c76a6c361ed6f89ed50794cde81305887f18d39d06e2b3451834b3f6b759b7",
                "sha256:29a573d0eedf47740fa4292d5d32f37fd1126b0e15fe4da64390c2c8717e1b01",
                "sha256:32f318bc3d14e9a7522871576222489f5a08d50d7f7dccb4c340e401447be384",
                "sha256:33b9797f8b04fcc2eb50ec6e2d5a25276276d970ec62ab75470d2ab52a0c8a40",
                "sha256:359481d8890d343b2526ab5f0ed211a48fde72dd5fa705173fdc5857a159af38",
                "sha256:3b88c9c3c96dd3f0189b5373c5a5ef0a2f2096defc805dd5cafa063626e483c5",
                "sha256:46aa35a4bf20f9d06e71c89145d1dff496a969f814343c94c6d9b4a2bd56cae7",
                "sha256:5665c37a1116282d4bb70ee017e1355317280c997beee4974fd6873a7de6ae01",
                "sha256:5dbfc0cbd24eea5dd5d9e4150e685e6717d683f96ad0f1c95bb0fdce88b4b235",
                "sha256:5fde53c86b2cd18059cf5cb85c5fb2a364981ae65b816c11a025ab3dfddd8a52",
                "sha256:6396e22ec775e3254550297a279e7a540065cbc75eb0e3d214fe30587981d922",
                "sha256:6496ae90ff5ffca55e8c9f3572a78add32a6336c5ca2a73bff8ffad1045a3e97",
                "sha256:661594f3d29d8cacd81ee0fd058c5da9e18f4e5964f66ec508b9226a882ced11",
                "sha256:68712768fb8e193f9d2276b2825c6fc436db65d7064f666cb0f022df443bdd5d",
                "sha256:78ddd5149c2aaca35556328fb9d112ba9d31c0f0a3cdf373ed76ae384c91bf81",
                "sha256:7eacc6f780926e34f7ca6e02a6196589d198908c0089e8059511c5546e4d5880",
                "sha256:7f7d069b13c8b3a5b53ca98644fbf7d0a95dc0c1119bec40cf8510610022d6c1",
                "sha256:852254a89ca2be712db460e39b407472dabe5b5401c37421412cedcfba09d906",
                "sha256:8e1450db55836ebedafe29515e0177e23f9a29f90c34be081fe1a9d8129ff8a6",
                "sha256:a1108fc5b2216c26fc624b5eee66104b830e95b46ec002d10b5f627882e0497e",
                "sha256:b7e2a168647c4acc2db879d26ac9e203830ef640c47067c6863ce1849810cea5",
                "sha256:b8c44d8bc94abd0e1677ab91ef44b00b7750613dca4d68d90a76da20b40d1084",
                "sha256:d52580c191972c48ae37e6446849bb1a8607e17183b488c43d028782e0e16844",
                "sha256:de7dc1f1cf3fb5903037591976d7c3b5949fc2b6f58e558ccd41145b660d95c7",
                "sha256:ed1256c53e50455d7bf43841d4c454bed83188d3bc71a277e9f1fd02af6a8021",
                "sha256:eedf4ef82816d35d9c59c5f07ae5e691bc24132f304c2461ca42defa4f3a6faa",
                "sha256:f6cd0768c973871b12883a495627268db38e2b24a1dc380fbecc625df63ff05a",
                "sha256:fad894b7d05e42e0b1a65a7cf8714f6e422ca87f758afe1ca7f33fbb88123378"
            ],
            "index": "pypi",
            "markers": "python_version >= '3.7'",
            "version": "==3.3.2"
        },
        "packaging": {
            "hashes": [
                "sha256:09abb1bccd265c01f4a3aa3f7a7db064b36514d2cba19a2f694fe6150451a759",
                "sha256:c228a6dc5e932d346bc5739379109d49e8853dd8223571c7c5b55260edc0b97f"
            ],
            "markers": "python_version >= '3.8'",
            "version": "==24.2"
        },
        "pefile": {
            "hashes": [
                "sha256:82e6114004b3d6911c77c3953e3838654b04511b8b66e8583db70c65998017dc",
                "sha256:da185cd2af68c08a6cd4481f7325ed600a88f6a813bad9dea07ab3ef73d8d8d6"
            ],
            "markers": "python_full_version >= '3.6.0'",
            "version": "==2023.2.7"
        },
        "pillow": {
            "hashes": [
                "sha256:00177a63030d612148e659b55ba99527803288cea7c75fb05766ab7981a8c1b7",
                "sha256:006bcdd307cc47ba43e924099a038cbf9591062e6c50e570819743f5607404f5",
                "sha256:084a07ef0821cfe4858fe86652fffac8e187b6ae677e9906e192aafcc1b69903",
                "sha256:0ae08bd8ffc41aebf578c2af2f9d8749d91f448b3bfd41d7d9ff573d74f2a6b2",
                "sha256:0e038b0745997c7dcaae350d35859c9715c71e92ffb7e0f4a8e8a16732150f38",
                "sha256:1187739620f2b365de756ce086fdb3604573337cc28a0d3ac4a01ab6b2d2a6d2",
                "sha256:16095692a253047fe3ec028e951fa4221a1f3ed3d80c397e83541a3037ff67c9",
                "sha256:1a61b54f87ab5786b8479f81c4b11f4d61702830354520837f8cc791ebba0f5f",
                "sha256:1c1d72714f429a521d8d2d018badc42414c3077eb187a59579f28e4270b4b0fc",
                "sha256:1e2688958a840c822279fda0086fec1fdab2f95bf2b717b66871c4ad9859d7e8",
                "sha256:20ec184af98a121fb2da42642dea8a29ec80fc3efbaefb86d8fdd2606619045d",
                "sha256:21a0d3b115009ebb8ac3d2ebec5c2982cc693da935f4ab7bb5c8ebe2f47d36f2",
                "sha256:224aaa38177597bb179f3ec87eeefcce8e4f85e608025e9cfac60de237ba6316",
                "sha256:2679d2258b7f1192b378e2893a8a0a0ca472234d4c2c0e6bdd3380e8dfa21b6a",
                "sha256:27a7860107500d813fcd203b4ea19b04babe79448268403172782754870dac25",
                "sha256:290f2cc809f9da7d6d622550bbf4c1e57518212da51b6a30fe8e0a270a5b78bd",
                "sha256:2e46773dc9f35a1dd28bd6981332fd7f27bec001a918a72a79b4133cf5291dba",
                "sha256:3107c66e43bda25359d5ef446f59c497de2b5ed4c7fdba0894f8d6cf3822dafc",
                "sha256:375b8dd15a1f5d2feafff536d47e22f69625c1aa92f12b339ec0b2ca40263273",
                "sha256:45c566eb10b8967d71bf1ab8e4a525e5a93519e29ea071459ce517f6b903d7fa",
                "sha256:499c3a1b0d6fc8213519e193796eb1a86a1be4b1877d678b30f83fd979811d1a",
                "sha256:4ad70c4214f67d7466bea6a08061eba35c01b1b89eaa098040a35272a8efb22b",
                "sha256:4b60c9520f7207aaf2e1d94de026682fc227806c6e1f55bba7606d1c94dd623a",
                "sha256:5178952973e588b3f1360868847334e9e3bf49d19e169bbbdfaf8398002419ae",
                "sha256:52a2d8323a465f84faaba5236567d212c3668f2ab53e1c74c15583cf507a0291",
                "sha256:598b4e238f13276e0008299bd2482003f48158e2b11826862b1eb2ad7c768b97",
                "sha256:5bd2d3bdb846d757055910f0a59792d33b555800813c3b39ada1829c372ccb06",
                "sha256:5c39ed17edea3bc69c743a8dd3e9853b7509625c2462532e62baa0732163a904",
                "sha256:5d203af30149ae339ad1b4f710d9844ed8796e97fda23ffbc4cc472968a47d0b",
                "sha256:5ddbfd761ee00c12ee1be86c9c0683ecf5bb14c9772ddbd782085779a63dd55b",
                "sha256:607bbe123c74e272e381a8d1957083a9463401f7bd01287f50521ecb05a313f8",
                "sha256:61b887f9ddba63ddf62fd02a3ba7add935d053b6dd7d58998c630e6dbade8527",
                "sha256:6619654954dc4936fcff82db8eb6401d3159ec6be81e33c6000dfd76ae189947",
                "sha256:674629ff60030d144b7bca2b8330225a9b11c482ed408813924619c6f302fdbb",
                "sha256:6ec0d5af64f2e3d64a165f490d96368bb5dea8b8f9ad04487f9ab60dc4bb6003",
                "sha256:6f4dba50cfa56f910241eb7f883c20f1e7b1d8f7d91c750cd0b318bad443f4d5",
                "sha256:70fbbdacd1d271b77b7721fe3cdd2d537bbbd75d29e6300c672ec6bb38d9672f",
                "sha256:72bacbaf24ac003fea9bff9837d1eedb6088758d41e100c1552930151f677739",
                "sha256:7326a1787e3c7b0429659e0a944725e1b03eeaa10edd945a86dead1913383944",
                "sha256:73853108f56df97baf2bb8b522f3578221e56f646ba345a372c78326710d3830",
                "sha256:73e3a0200cdda995c7e43dd47436c1548f87a30bb27fb871f352a22ab8dcf45f",
                "sha256:75acbbeb05b86bc53cbe7b7e6fe00fbcf82ad7c684b3ad82e3d711da9ba287d3",
                "sha256:8069c5179902dcdce0be9bfc8235347fdbac249d23bd90514b7a47a72d9fecf4",
                "sha256:846e193e103b41e984ac921b335df59195356ce3f71dcfd155aa79c603873b84",
                "sha256:8594f42df584e5b4bb9281799698403f7af489fba84c34d53d1c4bfb71b7c4e7",
                "sha256:86510e3f5eca0ab87429dd77fafc04693195eec7fd6a137c389c3eeb4cfb77c6",
                "sha256:8853a3bf12afddfdf15f57c4b02d7ded92c7a75a5d7331d19f4f9572a89c17e6",
                "sha256:88a58d8ac0cc0e7f3a014509f0455248a76629ca9b604eca7dc5927cc593c5e9",
                "sha256:8ba470552b48e5835f1d23ecb936bb7f71d206f9dfeee64245f30c3270b994de",
                "sha256:8c676b587da5673d3c75bd67dd2a8cdfeb282ca38a30f37950511766b26858c4",
                "sha256:8ec4a89295cd6cd4d1058a5e6aec6bf51e0eaaf9714774e1bfac7cfc9051db47",
                "sha256:94f3e1780abb45062287b4614a5bc0874519c86a777d4a7ad34978e86428b8dd",
                "sha256:9a0f748eaa434a41fccf8e1ee7a3eed68af1b690e75328fd7a60af123c193b50",
                "sha256:a5629742881bcbc1f42e840af185fd4d83a5edeb96475a575f4da50d6ede337c",
                "sha256:a65149d8ada1055029fcb665452b2814fe7d7082fcb0c5bed6db851cb69b2086",
                "sha256:b3c5ac4bed7519088103d9450a1107f76308ecf91d6dabc8a33a2fcfb18d0fba",
                "sha256:b4fd7bd29610a83a8c9b564d457cf5bd92b4e11e79a4ee4716a63c959699b306",
                "sha256:bcd1fb5bb7b07f64c15618c89efcc2cfa3e95f0e3bcdbaf4642509de1942a699",
                "sha256:c12b5ae868897c7338519c03049a806af85b9b8c237b7d675b8c5e089e4a618e",
                "sha256:c26845094b1af3c91852745ae78e3ea47abf3dbcd1cf962f16b9a5fbe3ee8488",
                "sha256:c6a660307ca9d4867caa8d9ca2c2658ab685de83792d1876274991adec7b93fa",
                "sha256:c809a70e43c7977c4a42aefd62f0131823ebf7dd73556fa5d5950f5b354087e2",
                "sha256:c8b2351c85d855293a299038e1f89db92a2f35e8d2f783489c6f0b2b5f3fe8a3",
                "sha256:cb929ca942d0ec4fac404cbf520ee6cac37bf35be479b970c4ffadf2b6a1cad9",
                "sha256:d2c0a187a92a1cb5ef2c8ed5412dd8d4334272617f532d4ad4de31e0495bd923",
                "sha256:d69bfd8ec3219ae71bcde1f942b728903cad25fafe3100ba2258b973bd2bc1b2",
                "sha256:daffdf51ee5db69a82dd127eabecce20729e21f7a3680cf7cbb23f0829189790",
                "sha256:e58876c91f97b0952eb766123bfef372792ab3f4e3e1f1a2267834c2ab131734",
                "sha256:eda2616eb2313cbb3eebbe51f19362eb434b18e3bb599466a1ffa76a033fb916",
                "sha256:ee217c198f2e41f184f3869f3e485557296d505b5195c513b2bfe0062dc537f1",
                "sha256:f02541ef64077f22bf4924f225c0fd1248c168f86e4b7abdedd87d6ebaceab0f",
                "sha256:f1b82c27e89fffc6da125d5eb0ca6e68017faf5efc078128cfaa42cf5cb38798",
                "sha256:fba162b8872d30fea8c52b258a542c5dfd7b235fb5cb352240c8d63b414013eb",
                "sha256:fbbcb7b57dc9c794843e3d1258c0fbf0f48656d46ffe9e09b63bbd6e8cd5d0a2",
                "sha256:fcb4621042ac4b7865c179bb972ed0da0218a076dc1820ffc48b1d74c1e37fe9"
            ],
            "index": "pypi",
            "markers": "python_version >= '3.9'",
            "version": "==11.0.0"
        },
        "pyinstaller": {
            "hashes": [
                "sha256:0d6475559c4939f0735122989611d7f739ed3bf02f666ce31022928f7a7e4fda",
                "sha256:208c0ef6dab0837a0a273ea32d1a3619a208e3d1fe3fec3785eea71a77fd00ce",
                "sha256:2e8365276c5131c9bef98e358fbc305e4022db8bedc9df479629d6414021956a",
                "sha256:32c742a24fe65d0702958fadf4040f76de85859c26bec0008766e5dbabc5b68f",
                "sha256:35e6b8077d240600bb309ed68bb0b1453fd2b7ab740b66d000db7abae6244423",
                "sha256:44e36172de326af6d4e7663b12f71dbd34e2e3e02233e181e457394423daaf03",
                "sha256:491dfb4d9d5d1d9650d9507daec1ff6829527a254d8e396badd60a0affcb72ef",
                "sha256:6d12c45a29add78039066a53fb05967afaa09a672426072b13816fe7676abfc4",
                "sha256:7ac83c0dc0e04357dab98c487e74ad2adb30e7eb186b58157a8faf46f1fa796f",
                "sha256:ad84abf465bcda363c1d54eafa76745d77b6a8a713778348377dc98d12a452f7",
                "sha256:ddc0fddd75f07f7e423da1f0822e389a42af011f9589e0269b87e0d89aa48c1f",
                "sha256:e21c7806e34f40181e7606926a14579f848bfb1dc52cbca7eea66eccccbfe977"
            ],
            "index": "pypi",
            "markers": "python_version < '3.14' and python_version >= '3.8'",
            "version": "==6.11.1"
        },
        "pyinstaller-hooks-contrib": {
            "hashes": [
                "sha256:8a46655e5c5b0186b5e527399118a9b342f10513eb1425c483fa4f6d02e8800c",
                "sha256:ad47db0e153683b4151e10d231cb91f2d93c85079e78d76d9e0f57ac6c8a5e10"
            ],
            "markers": "python_version >= '3.8'",
            "version": "==2024.10"
        },
        "pywin32-ctypes": {
            "hashes": [
                "sha256:8a1513379d709975552d202d942d9837758905c8d01eb82b8bcc30918929e7b8",
                "sha256:d162dc04946d704503b2edc4d55f3dba5c1d539ead017afa00142c38b9885755"
            ],
            "markers": "python_version >= '3.6'",
            "version": "==0.2.3"
        },
        "setuptools": {
            "hashes": [
                "sha256:8199222558df7c86216af4f84c30e9b34a61d8ba19366cc914424cdbd28252f6",
                "sha256:ce74b49e8f7110f9bf04883b730f4765b774ef3ef28f722cce7c273d253aaf7d"
            ],
            "markers": "python_version >= '3.9'",
            "version": "==75.6.0"
        }
    },
    "develop": {
        "colorama": {
            "hashes": [
                "sha256:08695f5cb7ed6e0531a20572697297273c47b8cae5a63ffc6d6ed5c201be6e44",
                "sha256:4f1d9991f5acc0ca119f9d443620b77f9d6b33703e51011c16baf57afb285fc6"
            ],
            "markers": "python_version >= '2.7' and python_version not in '3.0, 3.1, 3.2, 3.3, 3.4, 3.5, 3.6'",
            "version": "==0.4.6"
        },
        "cx-freeze": {
            "hashes": [
                "sha256:05af418fb0204339dbe33e0fc6d13e1a81be68a91354f14c193b0d08cb11f43d",
                "sha256:06948f9b8f907cd313b7a10bad21d3f4545b2b3283b9184cd4d6744cdfa931eb",
                "sha256:06f4a7159345642a35d9872501b27ea5d1abfbdc022770646d9eebbc78590e84",
                "sha256:0ac64293320955430806702834b9ab902d42405fab1c001544de8ab003210ae9",
                "sha256:0c820b2d97314b37475fd807f8d2640a87583fcf7486ea11d0f49ed143f2f2ea",
                "sha256:10f35cf80d39195ad210648b58eba1def14c27b041647a8796aea2ab88a153b8",
                "sha256:1bd6eab7bf6970d69bff83b070aaa5e1a72452b2e952402c965e04502cff89d1",
                "sha256:22d10a4253332bae7118fc9947bf835b69043d49eb8cb3ea5071e59388b14caf",
                "sha256:3d40a8d19ca342b0be484bab860ffb554d8a6f7231089c84ae6c4a2be0a471be",
                "sha256:3d5ef4e581e0b66ef7edae6e8361ad61ee7909a5b7eea6b6367d6aacd2465add",
                "sha256:3e01d84ebad281a1ef6079c9056ad9edbd5c01788bb85837decce245ab797364",
                "sha256:491d99261bd301ddd9164178741f59612768c612ecba6041c89f76c6a95aeb66",
                "sha256:4f2b21ac0cf9e8b6a3f47f8ce9e061eab2991c0859bb3835ec9ff272f4284c59",
                "sha256:5ae1ad4ab2864bbca2f7bd92afe3138a15b3e899ad81dc640a66d9e3478a1fa3",
                "sha256:5f4ffd8ae17073cd25246e6db3e79c8f77ae8c732cf4f46926ff4efd2176ddb0",
                "sha256:66dd5b695577f77d393d1f6dbf10de60b844f4e2e5e29c78a7d5e20aef9772d1",
                "sha256:68d0d7eb52f88bfd32716269279b989dfd1635fa871506ac50904af831837555",
                "sha256:6d887ca75b221c8da4695ae02d58d45ce5dde6013e8965e06efa02812cbc17fa",
                "sha256:77b4638638698ae7031b1d4dce48320cb9b49644539f7e4e48b234a67fb69336",
                "sha256:78a280f27e7d1a09443cf2605f2d71e85b58e1da89d191d8393afee1b7636b22",
                "sha256:7b5acd8e90eecba49c5065c348b985ab99a2a675f8b2da5db591f5b2fc347d5e",
                "sha256:820ed086d5d4cb3eaa117e76e5c65b18befbbd5c3eebc072ee9dc2a7b9e63532",
                "sha256:824c4ce2b8a7666d923a67f47676ab7afb65aa7836ef64919219eb12727d0d45",
                "sha256:850746fc8759b93d4dba452e1bd4f7ff452c41658108c9e07fcb1d01827d1ca0",
                "sha256:87ac71194729429a6c8d71c35ad2829c1e88428bbf081de2efb315fc5192363c",
                "sha256:a094c5048fc38256f8d3de9cf62ed08d0e5dc6af29c3cd61943eefdcba1b1bad",
                "sha256:a15420e588130fb8b9c21f02124a0962d78be04919545bf4668921b1da2fc32e",
                "sha256:a39558ee3268171bc916ab0e519d78baa6bb46b4ed32ed95701751989f12f242",
                "sha256:a708d545ce5e1b54d6ca3933fa72fc1f20891d85679ca11d7865f151244e81dd",
                "sha256:aa458a149d02816c8802e5a1577229fd06d942e9ce0e5a8ca1b1c79a9653e2c4",
                "sha256:ab9647c01f757338625dc0295c07b9d7798d0f4618fe6bfaefb6ced00c0ada88",
                "sha256:aedb7ba4be0912312a436f1f5083f99ba2f63fd01ad6b786e1a4b109e625bc51",
                "sha256:b0e384f8dff2316f31a59741d0e02d4a5452c392a282462db546d67aa0a0402e",
                "sha256:b15c9b485f4f21b0dc15bed7b78ef06b620ed10bfcb57acd145e78c1fddd3aa7",
                "sha256:b5ca9a5413ea4cc815f63687a4911879fb008eda91d407669b1cb88ebb9bd3de",
                "sha256:bbec1f12e674132c0b30b3e8b89e4fec0f35b337f941db9351dc4d294d867f63",
                "sha256:bc43be8d5abf02a0c089085fe1d89664d2f363cee9c26cde6c908d24737e1757",
                "sha256:c762035d26a25c290a67997f657055e563556fe65f0576e6b31aaa9607947e02",
                "sha256:ccbfd12c83fec6cf557456a5eb1a80deaa6c5dbd11961061aaad9b793e205328",
                "sha256:cd60da7ae21fed35dfe28bbdf1477a92965eb8d1ac883643ac16a57ded079a6b",
                "sha256:d04fd1ede62fb171083fcc0bd0552de000a570b240a940aaee9d77b1f3766382",
                "sha256:d13c7e2b3a205ef3b64296b0d95f975e5aaf94abde3761b910e52ab001be79db",
                "sha256:db75e8af10f136749b177db27c2933bb433f0ba3f6a34dcf96fcf855d89dabe4",
                "sha256:df02ae76f59991f1520bae024202ce65dc6045bf0867b4aef8dce1127f489de9",
                "sha256:e429c187545613771303b68acb52d81d44d5ba6b31dc07b714d53482bd928273",
                "sha256:eeea0b504e8367aa0fd6d282beebcec4d5fc8cb185b2a4619150b700361b7913",
                "sha256:f207bd17338ca0b1f53f1da3290c4dce81ea2bc418b8aed85fb8c5f0c97c3728",
                "sha256:f41a7ef707ba3b5c1ba5428f5f9f0ff7a90bc1a4b4494d9b5fe059e5ec0c1dcc",
                "sha256:fa0b71b246838db5a1ff6cf0334f39d63729e9e5b9c20208ba6e812a2d418483"
            ],
            "index": "pypi",
            "markers": "python_version >= '3.8'",
            "version": "==7.2.6"
        },
        "cx-logging": {
            "hashes": [
                "sha256:12b37b33478a37c34cf5afa976ccf5bc441f13781f60f0dd206a4ab63cccf24a",
                "sha256:15e9eee263168f2015cbc7e921775d6f08db15b127c3c48b23080ec190f2bc66",
                "sha256:1ad36493c59f452709813d8b5b34164aae7c576445e9d5758ce4dfe1ea2561ed",
                "sha256:26b707221077119606195fc14a65df2f21bd7bea78b383528ae8df4ea4298246",
                "sha256:330a29030bdca8795c99b678b4f6d87a75fb606eed1da206fdd9fa579a33dc21",
                "sha256:3452add0544db6ff29116b72a4c48761aaffa9b638728330433853c0c4ad2ea1",
                "sha256:3f3de06cf09d5986b39e930c213567c340b3237dfce03d8d3bf6099475eaa02e",
                "sha256:42f48fae8254b6de27710b6bfd34467fde88072d5961f67e88914d7e2bb6c13e",
                "sha256:4f6366871aa70439c4e3c25c3bb3dd70e8ee98bc190fd30862d7b199948b26f8",
                "sha256:4fb0d7c6dc9a8c403e4c62a3be87301946102d036fbe7bd66c6851225ac05a2e",
                "sha256:710ca06a6cdd56a7c8e866c70e0a4dc92453e7000355b8dca07dac008ca57b6e",
                "sha256:800ce5a99a40f091b3671f9e174a6695e4cc30193b3b1aafb7f4712459ec080c",
                "sha256:812665ae5012680a6fe47095c3772bce638e47cf05b2c3483db3bdbe6b06da44",
                "sha256:8f4d60a1a1508e88f2dab78494a1a8fd417ce335f94c01b0d443560cf8838115",
                "sha256:9418ca19ef435865815f3c60f60412993cf6823fe99882c9c8adeaaabe61ea07",
                "sha256:c2bab892db2b1c18aaea2bc3dec001a73274fc4496c2c6d749144f179a8e2041",
                "sha256:d57d9633671be935b83be86c43309f261fbe8ea5da704d96756999ede727f1e9",
                "sha256:e03e6ab69b7782b30eff481cabdb12b4f4693b684c8954af773b523e64f6211b",
                "sha256:e14748b031522a95aa2db4adfc5f2be5f96f4d0fe687da591114f73a09e66926",
                "sha256:ef526f0ddeba8611942ee76f2117cebb6319a2413b4077c2c1bf0947a61b9148",
                "sha256:f27755fbed447fc78f5e2aaf9aa2e75fd699ce0cd6e01649edd36eebe4db26e9"
            ],
            "markers": "python_version >= '3.9'",
            "version": "==3.2.1"
        },
        "iniconfig": {
            "hashes": [
                "sha256:2d91e135bf72d31a410b17c16da610a82cb55f6b0477d1a902134b24a455b8b3",
                "sha256:b6a85871a79d2e3b22d2d1b94ac2824226a63c6b741c88f7ae975f18b6778374"
            ],
            "markers": "python_version >= '3.7'",
            "version": "==2.0.0"
        },
        "lief": {
            "hashes": [
                "sha256:0616e6048f269d262ff93d67c497ebff3c1d3965ffb9427b0f2b474764fd2e8c",
                "sha256:0750c892fd3b7161a3c2279f25fe1844427610c3a5a4ae23f65674ced6f93ea5",
                "sha256:0805301e8fef9b13da00c33c831fb0c05ea892309230f3a35551c2dfaf69b11d",
                "sha256:0d10e5b22e86bbf2d1e3877b604ffd8860c852b6bc00fca681fe1432f5018fe9",
                "sha256:12e53dc0253c303df386ae45487a2f0078026602b36d0e09e838ae1d4dbef958",
                "sha256:13285c3ff5ef6de2421d85684c954905af909db0ad3472e33c475e5f0f657dcf",
                "sha256:1a96f17c2085ef38d12ad81427ae8a5d6ad76f0bc62a1e1f5fe384255cd2cc94",
                "sha256:1e11e046ad71fe8c81e1a8d1d207fe2b99c967d33ce79c3d3915cb8f5ecacf52",
                "sha256:20508c52de0dffcee3242253541609590167a3e56150cbacb506fdbb822206ef",
                "sha256:28bf0922de5fb74502a29cc47930d3a052df58dc23ab6519fa590e564f194a60",
                "sha256:382a189514c0e6ebfb41e0db6106936c7ba94d8400651276add2899ff3570585",
                "sha256:38b9cee48f42c355359ad7e3ff18bf1ec95e518238e4e8fb25657a49169dbf4c",
                "sha256:3e49bd595a8548683bead982bc15b064257fea3110fd15e22fb3feb17d97ad1c",
                "sha256:4dedeab498c312a29b58f16b739895f65fa54b2a21b8d98b111e99ad3f7e30a8",
                "sha256:4e47324736d6aa559421720758de4ce12d04fb56bdffa3dcc051fe8cdd42ed17",
                "sha256:517dc5dad31c754720a80a87ad9e6cb1e48223d4505980c2fd86072bd4f69001",
                "sha256:536a4ecd46b295b3acac0d60a68d1646480b7761ade862c6c87ccbb41229fae3",
                "sha256:5af7dcb9c3f44baaf60875df6ba9af6777db94776cc577ee86143bcce105ba2f",
                "sha256:674b620cdf1d686f52450fd97c1056d4c92e55af8217ce85a1b2efaf5b32140b",
                "sha256:6a08b2e512a80040429febddc777768c949bcd53f6f580e902e41ec0d9d936b8",
                "sha256:7580defe140e921bc4f210e8a6cb115fcf2923f00d37800b1626168cbca95108",
                "sha256:785a3aa14575f046ed9c8d44ea222ea14c697cd03b5331d1717b5b0cf4f72466",
                "sha256:82e6308ad8bd4bc7eadee3502ede13a5bb398725f25513a0396c8dba850f58a1",
                "sha256:84bf310710369544e2bb82f83d7fdab5b5ac422651184fde8bf9e35f14439691",
                "sha256:864f17ecf1736296e6d5fc38b11983f9d19a5e799f094e21e20d58bfb1b95b80",
                "sha256:8ac3cd099be2580d0e15150b1d2f5095c38f150af89993ddf390d7897ee8135f",
                "sha256:8fb58efb77358291109d2675d5459399c0794475b497992d0ecee18a4a46a207",
                "sha256:932f880ee8a130d663a97a9099516d8570b1b303af7816e70a02f9931d5ef4c2",
                "sha256:a079a76bca23aa73c850ab5beb7598871a1bf44662658b952cead2b5ddd31bee",
                "sha256:a80246b96501b2b1d4927ceb3cb817eda9333ffa9e07101358929a6cffca5dae",
                "sha256:a8634ea79d6d9862297fadce025519ab25ff01fcadb333cf42967c6295f0d057",
                "sha256:b9217578f7a45f667503b271da8481207fb4edda8d4a53e869fb922df6030484",
                "sha256:c0119306b6a38759483136de7242b7c2e0a23f1de1d4ae53f12792c279607410",
                "sha256:c2ec738bcafee8a569741f4a749f0596823b12f10713306c7d0cbbf85759f51c",
                "sha256:d0f10d80202de9634a16786b53ba3a8f54ae8b9a9e124a964d83212444486087",
                "sha256:d5852a246361bbefa4c1d5930741765a2337638d65cfe30de1b7d61f9a54b865",
                "sha256:d7044553cf07c8a2ab6e21874f07585610d996ff911b9af71dc6085a89f59daa",
                "sha256:d780af1762022b8e01b613253af490afea3864fbd6b5a49c6de7cea8fde0443d",
                "sha256:db38619edf70e27fb3686b8c0f0bec63ad494ac88ab51660c5ecd2720b506e41",
                "sha256:dbdcd70fd23c90017705b7fe6c716f0a69c01d0d0ea7a2ff653d83dc4a61fefb",
                "sha256:dde1c8f8ebe0ee9db4f2302c87ae3cacb9898dc412e0d7da07a8e4e834ac5158",
                "sha256:ddf2ebd73766169594d631b35f84c49ef42871de552ad49f36002c60164d0aca",
                "sha256:de9453f94866e0f2c36b6bd878625880080e7e5800788f5cbc06a76debf283b9",
                "sha256:e732619acc34943b504c867258fc0196f1931f72c2a627219d4f116a7acc726d",
                "sha256:e9b96a37bf11ca777ff305d85d957eabad2a92a6e577b6e2fb3ab79514e5a12e",
                "sha256:f9757ff0c7c3d6f66e5fdcc6a9df69680fad0dc2707d64a3428f0825dfce1a85",
                "sha256:fa020f3ed6e95bb110a4316af544021b74027d18bf4671339d4cffec27aa5884",
                "sha256:fcd489ff80860bcc2b2689faa330a46b6d66f0ee3e0f6ef9e643e2b996128a06"
            ],
            "markers": "python_version >= '3.8'",
            "version": "==0.15.1"
        },
        "packaging": {
            "hashes": [
                "sha256:09abb1bccd265c01f4a3aa3f7a7db064b36514d2cba19a2f694fe6150451a759",
                "sha256:c228a6dc5e932d346bc5739379109d49e8853dd8223571c7c5b55260edc0b97f"
            ],
            "markers": "python_version >= '3.8'",
            "version": "==24.2"
        },
        "pluggy": {
            "hashes": [
                "sha256:2cffa88e94fdc978c4c574f15f9e59b7f4201d439195c3715ca9e2486f1d0cf1",
                "sha256:44e1ad92c8ca002de6377e165f3e0f1be63266ab4d554740532335b9d75ea669"
            ],
            "markers": "python_version >= '3.8'",
            "version": "==1.5.0"
        },
        "pytest": {
            "hashes": [
                "sha256:70b98107bd648308a7952b06e6ca9a50bc660be218d53c257cc1fc94fda10181",
                "sha256:a6853c7375b2663155079443d2e45de913a911a11d669df02a50814944db57b2"
            ],
            "index": "pypi",
            "markers": "python_version >= '3.8'",
            "version": "==8.3.3"
        },
        "setuptools": {
            "hashes": [
                "sha256:8199222558df7c86216af4f84c30e9b34a61d8ba19366cc914424cdbd28252f6",
                "sha256:ce74b49e8f7110f9bf04883b730f4765b774ef3ef28f722cce7c273d253aaf7d"
            ],
            "markers": "python_version >= '3.9'",
            "version": "==75.6.0"
        }
    }
}
